// !$*UTF8*$!
{
	archiveVersion = 1;
	classes = {
	};
	objectVersion = 46;
	objects = {

/* Begin PBXBuildFile section */
		59806F6F1CC7238B002B8787 /* AppDelegate.swift in Sources */ = {isa = PBXBuildFile; fileRef = 59806F6E1CC7238B002B8787 /* AppDelegate.swift */; };
		59806F711CC7238B002B8787 /* ViewController.swift in Sources */ = {isa = PBXBuildFile; fileRef = 59806F701CC7238B002B8787 /* ViewController.swift */; };
		59806F741CC7238B002B8787 /* Main.storyboard in Resources */ = {isa = PBXBuildFile; fileRef = 59806F721CC7238B002B8787 /* Main.storyboard */; };
		59806F761CC7238B002B8787 /* Assets.xcassets in Resources */ = {isa = PBXBuildFile; fileRef = 59806F751CC7238B002B8787 /* Assets.xcassets */; };
		59806F791CC7238B002B8787 /* LaunchScreen.storyboard in Resources */ = {isa = PBXBuildFile; fileRef = 59806F771CC7238B002B8787 /* LaunchScreen.storyboard */; };
		59806F841CC7238B002B8787 /* MailboxTests.swift in Sources */ = {isa = PBXBuildFile; fileRef = 59806F831CC7238B002B8787 /* MailboxTests.swift */; };
		59806F8F1CC7238B002B8787 /* MailboxUITests.swift in Sources */ = {isa = PBXBuildFile; fileRef = 59806F8E1CC7238B002B8787 /* MailboxUITests.swift */; };
		59806F9D1CC72736002B8787 /* MailboxViewController.swift in Sources */ = {isa = PBXBuildFile; fileRef = 59806F9C1CC72736002B8787 /* MailboxViewController.swift */; };
		59806F9F1CC7556B002B8787 /* Common.swift in Sources */ = {isa = PBXBuildFile; fileRef = 59806F9E1CC7556B002B8787 /* Common.swift */; };
/* End PBXBuildFile section */

/* Begin PBXContainerItemProxy section */
		59806F801CC7238B002B8787 /* PBXContainerItemProxy */ = {
			isa = PBXContainerItemProxy;
			containerPortal = 59806F631CC7238B002B8787 /* Project object */;
			proxyType = 1;
			remoteGlobalIDString = 59806F6A1CC7238B002B8787;
			remoteInfo = Mailbox;
		};
		59806F8B1CC7238B002B8787 /* PBXContainerItemProxy */ = {
			isa = PBXContainerItemProxy;
			containerPortal = 59806F631CC7238B002B8787 /* Project object */;
			proxyType = 1;
			remoteGlobalIDString = 59806F6A1CC7238B002B8787;
			remoteInfo = Mailbox;
		};
/* End PBXContainerItemProxy section */

/* Begin PBXFileReference section */
		59806F6B1CC7238B002B8787 /* Mailbox.app */ = {isa = PBXFileReference; explicitFileType = wrapper.application; includeInIndex = 0; path = Mailbox.app; sourceTree = BUILT_PRODUCTS_DIR; };
		59806F6E1CC7238B002B8787 /* AppDelegate.swift */ = {isa = PBXFileReference; lastKnownFileType = sourcecode.swift; path = AppDelegate.swift; sourceTree = "<group>"; };
		59806F701CC7238B002B8787 /* ViewController.swift */ = {isa = PBXFileReference; lastKnownFileType = sourcecode.swift; path = ViewController.swift; sourceTree = "<group>"; };
		59806F731CC7238B002B8787 /* Base */ = {isa = PBXFileReference; lastKnownFileType = file.storyboard; name = Base; path = Base.lproj/Main.storyboard; sourceTree = "<group>"; };
		59806F751CC7238B002B8787 /* Assets.xcassets */ = {isa = PBXFileReference; lastKnownFileType = folder.assetcatalog; path = Assets.xcassets; sourceTree = "<group>"; };
		59806F781CC7238B002B8787 /* Base */ = {isa = PBXFileReference; lastKnownFileType = file.storyboard; name = Base; path = Base.lproj/LaunchScreen.storyboard; sourceTree = "<group>"; };
		59806F7A1CC7238B002B8787 /* Info.plist */ = {isa = PBXFileReference; lastKnownFileType = text.plist.xml; path = Info.plist; sourceTree = "<group>"; };
		59806F7F1CC7238B002B8787 /* MailboxTests.xctest */ = {isa = PBXFileReference; explicitFileType = wrapper.cfbundle; includeInIndex = 0; path = MailboxTests.xctest; sourceTree = BUILT_PRODUCTS_DIR; };
		59806F831CC7238B002B8787 /* MailboxTests.swift */ = {isa = PBXFileReference; lastKnownFileType = sourcecode.swift; path = MailboxTests.swift; sourceTree = "<group>"; };
		59806F851CC7238B002B8787 /* Info.plist */ = {isa = PBXFileReference; lastKnownFileType = text.plist.xml; path = Info.plist; sourceTree = "<group>"; };
		59806F8A1CC7238B002B8787 /* MailboxUITests.xctest */ = {isa = PBXFileReference; explicitFileType = wrapper.cfbundle; includeInIndex = 0; path = MailboxUITests.xctest; sourceTree = BUILT_PRODUCTS_DIR; };
		59806F8E1CC7238B002B8787 /* MailboxUITests.swift */ = {isa = PBXFileReference; lastKnownFileType = sourcecode.swift; path = MailboxUITests.swift; sourceTree = "<group>"; };
		59806F901CC7238B002B8787 /* Info.plist */ = {isa = PBXFileReference; lastKnownFileType = text.plist.xml; path = Info.plist; sourceTree = "<group>"; };
		59806F9C1CC72736002B8787 /* MailboxViewController.swift */ = {isa = PBXFileReference; fileEncoding = 4; lastKnownFileType = sourcecode.swift; path = MailboxViewController.swift; sourceTree = "<group>"; };
		59806F9E1CC7556B002B8787 /* Common.swift */ = {isa = PBXFileReference; fileEncoding = 4; lastKnownFileType = sourcecode.swift; path = Common.swift; sourceTree = "<group>"; };
/* End PBXFileReference section */

/* Begin PBXFrameworksBuildPhase section */
		59806F681CC7238B002B8787 /* Frameworks */ = {
			isa = PBXFrameworksBuildPhase;
			buildActionMask = 2147483647;
			files = (
			);
			runOnlyForDeploymentPostprocessing = 0;
		};
		59806F7C1CC7238B002B8787 /* Frameworks */ = {
			isa = PBXFrameworksBuildPhase;
			buildActionMask = 2147483647;
			files = (
			);
			runOnlyForDeploymentPostprocessing = 0;
		};
		59806F871CC7238B002B8787 /* Frameworks */ = {
			isa = PBXFrameworksBuildPhase;
			buildActionMask = 2147483647;
			files = (
			);
			runOnlyForDeploymentPostprocessing = 0;
		};
/* End PBXFrameworksBuildPhase section */

/* Begin PBXGroup section */
		59806F621CC7238B002B8787 = {
			isa = PBXGroup;
			children = (
				59806F6D1CC7238B002B8787 /* Mailbox */,
				59806F821CC7238B002B8787 /* MailboxTests */,
				59806F8D1CC7238B002B8787 /* MailboxUITests */,
				59806F6C1CC7238B002B8787 /* Products */,
			);
			sourceTree = "<group>";
		};
		59806F6C1CC7238B002B8787 /* Products */ = {
			isa = PBXGroup;
			children = (
				59806F6B1CC7238B002B8787 /* Mailbox.app */,
				59806F7F1CC7238B002B8787 /* MailboxTests.xctest */,
				59806F8A1CC7238B002B8787 /* MailboxUITests.xctest */,
			);
			name = Products;
			sourceTree = "<group>";
		};
		59806F6D1CC7238B002B8787 /* Mailbox */ = {
			isa = PBXGroup;
			children = (
				59806F9E1CC7556B002B8787 /* Common.swift */,
				59806F6E1CC7238B002B8787 /* AppDelegate.swift */,
				59806F701CC7238B002B8787 /* ViewController.swift */,
				59806F721CC7238B002B8787 /* Main.storyboard */,
				59806F9C1CC72736002B8787 /* MailboxViewController.swift */,
				59806F751CC7238B002B8787 /* Assets.xcassets */,
				59806F771CC7238B002B8787 /* LaunchScreen.storyboard */,
				59806F7A1CC7238B002B8787 /* Info.plist */,
			);
			path = Mailbox;
			sourceTree = "<group>";
		};
		59806F821CC7238B002B8787 /* MailboxTests */ = {
			isa = PBXGroup;
			children = (
				59806F831CC7238B002B8787 /* MailboxTests.swift */,
				59806F851CC7238B002B8787 /* Info.plist */,
			);
			path = MailboxTests;
			sourceTree = "<group>";
		};
		59806F8D1CC7238B002B8787 /* MailboxUITests */ = {
			isa = PBXGroup;
			children = (
				59806F8E1CC7238B002B8787 /* MailboxUITests.swift */,
				59806F901CC7238B002B8787 /* Info.plist */,
			);
			path = MailboxUITests;
			sourceTree = "<group>";
		};
/* End PBXGroup section */

/* Begin PBXNativeTarget section */
		59806F6A1CC7238B002B8787 /* Mailbox */ = {
			isa = PBXNativeTarget;
			buildConfigurationList = 59806F931CC7238B002B8787 /* Build configuration list for PBXNativeTarget "Mailbox" */;
			buildPhases = (
				59806F671CC7238B002B8787 /* Sources */,
				59806F681CC7238B002B8787 /* Frameworks */,
				59806F691CC7238B002B8787 /* Resources */,
			);
			buildRules = (
			);
			dependencies = (
			);
			name = Mailbox;
			productName = Mailbox;
			productReference = 59806F6B1CC7238B002B8787 /* Mailbox.app */;
			productType = "com.apple.product-type.application";
		};
		59806F7E1CC7238B002B8787 /* MailboxTests */ = {
			isa = PBXNativeTarget;
			buildConfigurationList = 59806F961CC7238B002B8787 /* Build configuration list for PBXNativeTarget "MailboxTests" */;
			buildPhases = (
				59806F7B1CC7238B002B8787 /* Sources */,
				59806F7C1CC7238B002B8787 /* Frameworks */,
				59806F7D1CC7238B002B8787 /* Resources */,
			);
			buildRules = (
			);
			dependencies = (
				59806F811CC7238B002B8787 /* PBXTargetDependency */,
			);
			name = MailboxTests;
			productName = MailboxTests;
			productReference = 59806F7F1CC7238B002B8787 /* MailboxTests.xctest */;
			productType = "com.apple.product-type.bundle.unit-test";
		};
		59806F891CC7238B002B8787 /* MailboxUITests */ = {
			isa = PBXNativeTarget;
			buildConfigurationList = 59806F991CC7238B002B8787 /* Build configuration list for PBXNativeTarget "MailboxUITests" */;
			buildPhases = (
				59806F861CC7238B002B8787 /* Sources */,
				59806F871CC7238B002B8787 /* Frameworks */,
				59806F881CC7238B002B8787 /* Resources */,
			);
			buildRules = (
			);
			dependencies = (
				59806F8C1CC7238B002B8787 /* PBXTargetDependency */,
			);
			name = MailboxUITests;
			productName = MailboxUITests;
			productReference = 59806F8A1CC7238B002B8787 /* MailboxUITests.xctest */;
			productType = "com.apple.product-type.bundle.ui-testing";
		};
/* End PBXNativeTarget section */

/* Begin PBXProject section */
		59806F631CC7238B002B8787 /* Project object */ = {
			isa = PBXProject;
			attributes = {
				LastSwiftUpdateCheck = 0720;
				LastUpgradeCheck = 0720;
				ORGANIZATIONNAME = "Hobgood, Chad";
				TargetAttributes = {
					59806F6A1CC7238B002B8787 = {
						CreatedOnToolsVersion = 7.2.1;
					};
					59806F7E1CC7238B002B8787 = {
						CreatedOnToolsVersion = 7.2.1;
						TestTargetID = 59806F6A1CC7238B002B8787;
					};
					59806F891CC7238B002B8787 = {
						CreatedOnToolsVersion = 7.2.1;
						TestTargetID = 59806F6A1CC7238B002B8787;
					};
				};
			};
			buildConfigurationList = 59806F661CC7238B002B8787 /* Build configuration list for PBXProject "Mailbox" */;
			compatibilityVersion = "Xcode 3.2";
			developmentRegion = English;
			hasScannedForEncodings = 0;
			knownRegions = (
				en,
				Base,
			);
			mainGroup = 59806F621CC7238B002B8787;
			productRefGroup = 59806F6C1CC7238B002B8787 /* Products */;
			projectDirPath = "";
			projectRoot = "";
			targets = (
				59806F6A1CC7238B002B8787 /* Mailbox */,
				59806F7E1CC7238B002B8787 /* MailboxTests */,
				59806F891CC7238B002B8787 /* MailboxUITests */,
			);
		};
/* End PBXProject section */

/* Begin PBXResourcesBuildPhase section */
		59806F691CC7238B002B8787 /* Resources */ = {
			isa = PBXResourcesBuildPhase;
			buildActionMask = 2147483647;
			files = (
				59806F791CC7238B002B8787 /* LaunchScreen.storyboard in Resources */,
				59806F761CC7238B002B8787 /* Assets.xcassets in Resources */,
				59806F741CC7238B002B8787 /* Main.storyboard in Resources */,
			);
			runOnlyForDeploymentPostprocessing = 0;
		};
		59806F7D1CC7238B002B8787 /* Resources */ = {
			isa = PBXResourcesBuildPhase;
			buildActionMask = 2147483647;
			files = (
			);
			runOnlyForDeploymentPostprocessing = 0;
		};
		59806F881CC7238B002B8787 /* Resources */ = {
			isa = PBXResourcesBuildPhase;
			buildActionMask = 2147483647;
			files = (
			);
			runOnlyForDeploymentPostprocessing = 0;
		};
/* End PBXResourcesBuildPhase section */

/* Begin PBXSourcesBuildPhase section */
		59806F671CC7238B002B8787 /* Sources */ = {
			isa = PBXSourcesBuildPhase;
			buildActionMask = 2147483647;
			files = (
				59806F9F1CC7556B002B8787 /* Common.swift in Sources */,
				59806F711CC7238B002B8787 /* ViewController.swift in Sources */,
				59806F6F1CC7238B002B8787 /* AppDelegate.swift in Sources */,
				59806F9D1CC72736002B8787 /* MailboxViewController.swift in Sources */,
			);
			runOnlyForDeploymentPostprocessing = 0;
		};
		59806F7B1CC7238B002B8787 /* Sources */ = {
			isa = PBXSourcesBuildPhase;
			buildActionMask = 2147483647;
			files = (
				59806F841CC7238B002B8787 /* MailboxTests.swift in Sources */,
			);
			runOnlyForDeploymentPostprocessing = 0;
		};
		59806F861CC7238B002B8787 /* Sources */ = {
			isa = PBXSourcesBuildPhase;
			buildActionMask = 2147483647;
			files = (
				59806F8F1CC7238B002B8787 /* MailboxUITests.swift in Sources */,
			);
			runOnlyForDeploymentPostprocessing = 0;
		};
/* End PBXSourcesBuildPhase section */

/* Begin PBXTargetDependency section */
		59806F811CC7238B002B8787 /* PBXTargetDependency */ = {
			isa = PBXTargetDependency;
			target = 59806F6A1CC7238B002B8787 /* Mailbox */;
			targetProxy = 59806F801CC7238B002B8787 /* PBXContainerItemProxy */;
		};
		59806F8C1CC7238B002B8787 /* PBXTargetDependency */ = {
			isa = PBXTargetDependency;
			target = 59806F6A1CC7238B002B8787 /* Mailbox */;
			targetProxy = 59806F8B1CC7238B002B8787 /* PBXContainerItemProxy */;
		};
/* End PBXTargetDependency section */

/* Begin PBXVariantGroup section */
		59806F721CC7238B002B8787 /* Main.storyboard */ = {
			isa = PBXVariantGroup;
			children = (
				59806F731CC7238B002B8787 /* Base */,
			);
			name = Main.storyboard;
			sourceTree = "<group>";
		};
		59806F771CC7238B002B8787 /* LaunchScreen.storyboard */ = {
			isa = PBXVariantGroup;
			children = (
				59806F781CC7238B002B8787 /* Base */,
			);
			name = LaunchScreen.storyboard;
			sourceTree = "<group>";
		};
/* End PBXVariantGroup section */

/* Begin XCBuildConfiguration section */
		59806F911CC7238B002B8787 /* Debug */ = {
			isa = XCBuildConfiguration;
			buildSettings = {
				ALWAYS_SEARCH_USER_PATHS = NO;
				CLANG_CXX_LANGUAGE_STANDARD = "gnu++0x";
				CLANG_CXX_LIBRARY = "libc++";
				CLANG_ENABLE_MODULES = YES;
				CLANG_ENABLE_OBJC_ARC = YES;
				CLANG_WARN_BOOL_CONVERSION = YES;
				CLANG_WARN_CONSTANT_CONVERSION = YES;
				CLANG_WARN_DIRECT_OBJC_ISA_USAGE = YES_ERROR;
				CLANG_WARN_EMPTY_BODY = YES;
				CLANG_WARN_ENUM_CONVERSION = YES;
				CLANG_WARN_INT_CONVERSION = YES;
				CLANG_WARN_OBJC_ROOT_CLASS = YES_ERROR;
				CLANG_WARN_UNREACHABLE_CODE = YES;
				CLANG_WARN__DUPLICATE_METHOD_MATCH = YES;
				"CODE_SIGN_IDENTITY[sdk=iphoneos*]" = "iPhone Developer";
				COPY_PHASE_STRIP = NO;
				DEBUG_INFORMATION_FORMAT = dwarf;
				ENABLE_STRICT_OBJC_MSGSEND = YES;
				ENABLE_TESTABILITY = YES;
				GCC_C_LANGUAGE_STANDARD = gnu99;
				GCC_DYNAMIC_NO_PIC = NO;
				GCC_NO_COMMON_BLOCKS = YES;
				GCC_OPTIMIZATION_LEVEL = 0;
				GCC_PREPROCESSOR_DEFINITIONS = (
					"DEBUG=1",
					"$(inherited)",
				);
				GCC_WARN_64_TO_32_BIT_CONVERSION = YES;
				GCC_WARN_ABOUT_RETURN_TYPE = YES_ERROR;
				GCC_WARN_UNDECLARED_SELECTOR = YES;
				GCC_WARN_UNINITIALIZED_AUTOS = YES_AGGRESSIVE;
				GCC_WARN_UNUSED_FUNCTION = YES;
				GCC_WARN_UNUSED_VARIABLE = YES;
				IPHONEOS_DEPLOYMENT_TARGET = 9.2;
				MTL_ENABLE_DEBUG_INFO = YES;
				ONLY_ACTIVE_ARCH = YES;
				SDKROOT = iphoneos;
				SWIFT_OPTIMIZATION_LEVEL = "-Onone";
			};
			name = Debug;
		};
		59806F921CC7238B002B8787 /* Release */ = {
			isa = XCBuildConfiguration;
			buildSettings = {
				ALWAYS_SEARCH_USER_PATHS = NO;
				CLANG_CXX_LANGUAGE_STANDARD = "gnu++0x";
				CLANG_CXX_LIBRARY = "libc++";
				CLANG_ENABLE_MODULES = YES;
				CLANG_ENABLE_OBJC_ARC = YES;
				CLANG_WARN_BOOL_CONVERSION = YES;
				CLANG_WARN_CONSTANT_CONVERSION = YES;
				CLANG_WARN_DIRECT_OBJC_ISA_USAGE = YES_ERROR;
				CLANG_WARN_EMPTY_BODY = YES;
				CLANG_WARN_ENUM_CONVERSION = YES;
				CLANG_WARN_INT_CONVERSION = YES;
				CLANG_WARN_OBJC_ROOT_CLASS = YES_ERROR;
				CLANG_WARN_UNREACHABLE_CODE = YES;
				CLANG_WARN__DUPLICATE_METHOD_MATCH = YES;
				"CODE_SIGN_IDENTITY[sdk=iphoneos*]" = "iPhone Developer";
				COPY_PHASE_STRIP = NO;
				DEBUG_INFORMATION_FORMAT = "dwarf-with-dsym";
				ENABLE_NS_ASSERTIONS = NO;
				ENABLE_STRICT_OBJC_MSGSEND = YES;
				GCC_C_LANGUAGE_STANDARD = gnu99;
				GCC_NO_COMMON_BLOCKS = YES;
				GCC_WARN_64_TO_32_BIT_CONVERSION = YES;
				GCC_WARN_ABOUT_RETURN_TYPE = YES_ERROR;
				GCC_WARN_UNDECLARED_SELECTOR = YES;
				GCC_WARN_UNINITIALIZED_AUTOS = YES_AGGRESSIVE;
				GCC_WARN_UNUSED_FUNCTION = YES;
				GCC_WARN_UNUSED_VARIABLE = YES;
				IPHONEOS_DEPLOYMENT_TARGET = 9.2;
				MTL_ENABLE_DEBUG_INFO = NO;
				SDKROOT = iphoneos;
				VALIDATE_PRODUCT = YES;
			};
			name = Release;
		};
		59806F941CC7238B002B8787 /* Debug */ = {
			isa = XCBuildConfiguration;
			buildSettings = {
				ASSETCATALOG_COMPILER_APPICON_NAME = AppIcon;
				INFOPLIST_FILE = Mailbox/Info.plist;
				LD_RUNPATH_SEARCH_PATHS = "$(inherited) @executable_path/Frameworks";
				PRODUCT_BUNDLE_IDENTIFIER = cof.Mailbox;
				PRODUCT_NAME = "$(TARGET_NAME)";
			};
			name = Debug;
		};
		59806F951CC7238B002B8787 /* Release */ = {
			isa = XCBuildConfiguration;
			buildSettings = {
				ASSETCATALOG_COMPILER_APPICON_NAME = AppIcon;
				INFOPLIST_FILE = Mailbox/Info.plist;
				LD_RUNPATH_SEARCH_PATHS = "$(inherited) @executable_path/Frameworks";
				PRODUCT_BUNDLE_IDENTIFIER = cof.Mailbox;
				PRODUCT_NAME = "$(TARGET_NAME)";
			};
			name = Release;
		};
		59806F971CC7238B002B8787 /* Debug */ = {
			isa = XCBuildConfiguration;
			buildSettings = {
				BUNDLE_LOADER = "$(TEST_HOST)";
				INFOPLIST_FILE = MailboxTests/Info.plist;
				LD_RUNPATH_SEARCH_PATHS = "$(inherited) @executable_path/Frameworks @loader_path/Frameworks";
				PRODUCT_BUNDLE_IDENTIFIER = cof.MailboxTests;
				PRODUCT_NAME = "$(TARGET_NAME)";
				TEST_HOST = "$(BUILT_PRODUCTS_DIR)/Mailbox.app/Mailbox";
			};
			name = Debug;
		};
		59806F981CC7238B002B8787 /* Release */ = {
			isa = XCBuildConfiguration;
			buildSettings = {
				BUNDLE_LOADER = "$(TEST_HOST)";
				INFOPLIST_FILE = MailboxTests/Info.plist;
				LD_RUNPATH_SEARCH_PATHS = "$(inherited) @executable_path/Frameworks @loader_path/Frameworks";
				PRODUCT_BUNDLE_IDENTIFIER = cof.MailboxTests;
				PRODUCT_NAME = "$(TARGET_NAME)";
				TEST_HOST = "$(BUILT_PRODUCTS_DIR)/Mailbox.app/Mailbox";
			};
			name = Release;
		};
		59806F9A1CC7238B002B8787 /* Debug */ = {
			isa = XCBuildConfiguration;
			buildSettings = {
				INFOPLIST_FILE = MailboxUITests/Info.plist;
				LD_RUNPATH_SEARCH_PATHS = "$(inherited) @executable_path/Frameworks @loader_path/Frameworks";
				PRODUCT_BUNDLE_IDENTIFIER = cof.MailboxUITests;
				PRODUCT_NAME = "$(TARGET_NAME)";
				TEST_TARGET_NAME = Mailbox;
				USES_XCTRUNNER = YES;
			};
			name = Debug;
		};
		59806F9B1CC7238B002B8787 /* Release */ = {
			isa = XCBuildConfiguration;
			buildSettings = {
				INFOPLIST_FILE = MailboxUITests/Info.plist;
				LD_RUNPATH_SEARCH_PATHS = "$(inherited) @executable_path/Frameworks @loader_path/Frameworks";
				PRODUCT_BUNDLE_IDENTIFIER = cof.MailboxUITests;
				PRODUCT_NAME = "$(TARGET_NAME)";
				TEST_TARGET_NAME = Mailbox;
				USES_XCTRUNNER = YES;
			};
			name = Release;
		};
/* End XCBuildConfiguration section */

/* Begin XCConfigurationList section */
		59806F661CC7238B002B8787 /* Build configuration list for PBXProject "Mailbox" */ = {
			isa = XCConfigurationList;
			buildConfigurations = (
				59806F911CC7238B002B8787 /* Debug */,
				59806F921CC7238B002B8787 /* Release */,
			);
			defaultConfigurationIsVisible = 0;
			defaultConfigurationName = Release;
		};
		59806F931CC7238B002B8787 /* Build configuration list for PBXNativeTarget "Mailbox" */ = {
			isa = XCConfigurationList;
			buildConfigurations = (
				59806F941CC7238B002B8787 /* Debug */,
				59806F951CC7238B002B8787 /* Release */,
			);
			defaultConfigurationIsVisible = 0;
			defaultConfigurationName = Release;
		};
		59806F961CC7238B002B8787 /* Build configuration list for PBXNativeTarget "MailboxTests" */ = {
			isa = XCConfigurationList;
			buildConfigurations = (
				59806F971CC7238B002B8787 /* Debug */,
				59806F981CC7238B002B8787 /* Release */,
			);
			defaultConfigurationIsVisible = 0;
			defaultConfigurationName = Release;
		};
		59806F991CC7238B002B8787 /* Build configuration list for PBXNativeTarget "MailboxUITests" */ = {
			isa = XCConfigurationList;
			buildConfigurations = (
				59806F9A1CC7238B002B8787 /* Debug */,
				59806F9B1CC7238B002B8787 /* Release */,
			);
			defaultConfigurationIsVisible = 0;
			defaultConfigurationName = Release;
		};
/* End XCConfigurationList section */
	};
	rootObject = 59806F631CC7238B002B8787 /* Project object */;
}
